
Microsoft Visual Studio Solution File, Format Version 12.00
# Visual Studio Version 17
VisualStudioVersion = 17.8.34309.116
MinimumVisualStudioVersion = 10.0.40219.1
Project("{FAE04EC0-301F-11D3-BF4B-00C04F79EFBC}") = "OYP", "OYP\OYP.csproj", "{2D334B80-26A4-45DE-B99E-5945ED0B55DC}"
EndProject
Project("{2150E333-8FDC-42A3-9474-1A3956D46DE8}") = "Solution Items", "Solution Items", "{12EF3BE7-E2D1-483C-AEDB-BF12280A2AF5}"
	ProjectSection(SolutionItems) = preProject
		..\..\..\Desktop\download.png = ..\..\..\Desktop\download.png
	EndProjectSection
EndProject
Global
	GlobalSection(SolutionConfigurationPlatforms) = preSolution
		Debug|Any CPU = Debug|Any CPU
		Release|Any CPU = Release|Any CPU
	EndGlobalSection
	GlobalSection(ProjectConfigurationPlatforms) = postSolution
		{2D334B80-26A4-45DE-B99E-5945ED0B55DC}.Debug|Any CPU.ActiveCfg = Debug|Any CPU
		{2D334B80-26A4-45DE-B99E-5945ED0B55DC}.Debug|Any CPU.Build.0 = Debug|Any CPU
		{2D334B80-26A4-45DE-B99E-5945ED0B55DC}.Release|Any CPU.ActiveCfg = Release|Any CPU
		{2D334B80-26A4-45DE-B99E-5945ED0B55DC}.Release|Any CPU.Build.0 = Release|Any CPU
	EndGlobalSection
	GlobalSection(SolutionProperties) = preSolution
		HideSolutionNode = FALSE
	EndGlobalSection
	GlobalSection(ExtensibilityGlobals) = postSolution
		SolutionGuid = {1BBB45C3-1152-4E73-99DA-57ED303C5861}
	EndGlobalSection
EndGlobal
